// !$*UTF8*$!
{
	archiveVersion = 1;
	classes = {
	};
	objectVersion = 56;
	objects = {

/* Begin PBXBuildFile section */
		6145BF9F2932DD9200C1FA7F /* GSDApp.swift in Sources */ = {isa = PBXBuildFile; fileRef = 6145BF9E2932DD9200C1FA7F /* GSDApp.swift */; };
		6145BFA12932DD9200C1FA7F /* ContentView.swift in Sources */ = {isa = PBXBuildFile; fileRef = 6145BFA02932DD9200C1FA7F /* ContentView.swift */; };
		6145BFA32932DD9400C1FA7F /* Assets.xcassets in Resources */ = {isa = PBXBuildFile; fileRef = 6145BFA22932DD9400C1FA7F /* Assets.xcassets */; };
		6145BFA62932DD9400C1FA7F /* Preview Assets.xcassets in Resources */ = {isa = PBXBuildFile; fileRef = 6145BFA52932DD9400C1FA7F /* Preview Assets.xcassets */; };
		61E7D29629356A730055ACC3 /* GSDTests.swift in Sources */ = {isa = PBXBuildFile; fileRef = 61E7D29529356A730055ACC3 /* GSDTests.swift */; };
		61E7D29E29356C400055ACC3 /* GSDTask.swift in Sources */ = {isa = PBXBuildFile; fileRef = 61E7D29C29356C3C0055ACC3 /* GSDTask.swift */; };
		61E7D2A129356D560055ACC3 /* GSDTaskView.swift in Sources */ = {isa = PBXBuildFile; fileRef = 61E7D29F29356D4E0055ACC3 /* GSDTaskView.swift */; };
		61E7D2A329356DAD0055ACC3 /* GSDTaskVM.swift in Sources */ = {isa = PBXBuildFile; fileRef = 61E7D2A229356DAD0055ACC3 /* GSDTaskVM.swift */; };
		61E7D2A529356DE20055ACC3 /* StorageService.swift in Sources */ = {isa = PBXBuildFile; fileRef = 61E7D2A429356DE20055ACC3 /* StorageService.swift */; };
/* End PBXBuildFile section */

/* Begin PBXContainerItemProxy section */
		61E7D29729356A730055ACC3 /* PBXContainerItemProxy */ = {
			isa = PBXContainerItemProxy;
			containerPortal = 6145BF932932DD9200C1FA7F /* Project object */;
			proxyType = 1;
			remoteGlobalIDString = 6145BF9A2932DD9200C1FA7F;
			remoteInfo = GSD;
		};
/* End PBXContainerItemProxy section */

/* Begin PBXFileReference section */
		6145BF9B2932DD9200C1FA7F /* GSD.app */ = {isa = PBXFileReference; explicitFileType = wrapper.application; includeInIndex = 0; path = GSD.app; sourceTree = BUILT_PRODUCTS_DIR; };
		6145BF9E2932DD9200C1FA7F /* GSDApp.swift */ = {isa = PBXFileReference; lastKnownFileType = sourcecode.swift; path = GSDApp.swift; sourceTree = "<group>"; };
		6145BFA02932DD9200C1FA7F /* ContentView.swift */ = {isa = PBXFileReference; lastKnownFileType = sourcecode.swift; path = ContentView.swift; sourceTree = "<group>"; };
		6145BFA22932DD9400C1FA7F /* Assets.xcassets */ = {isa = PBXFileReference; lastKnownFileType = folder.assetcatalog; path = Assets.xcassets; sourceTree = "<group>"; };
		6145BFA52932DD9400C1FA7F /* Preview Assets.xcassets */ = {isa = PBXFileReference; lastKnownFileType = folder.assetcatalog; path = "Preview Assets.xcassets"; sourceTree = "<group>"; };
		61E7D29329356A730055ACC3 /* GSDTests.xctest */ = {isa = PBXFileReference; explicitFileType = wrapper.cfbundle; includeInIndex = 0; path = GSDTests.xctest; sourceTree = BUILT_PRODUCTS_DIR; };
		61E7D29529356A730055ACC3 /* GSDTests.swift */ = {isa = PBXFileReference; lastKnownFileType = sourcecode.swift; path = GSDTests.swift; sourceTree = "<group>"; };
		61E7D29C29356C3C0055ACC3 /* GSDTask.swift */ = {isa = PBXFileReference; lastKnownFileType = sourcecode.swift; path = GSDTask.swift; sourceTree = "<group>"; };
		61E7D29F29356D4E0055ACC3 /* GSDTaskView.swift */ = {isa = PBXFileReference; lastKnownFileType = sourcecode.swift; path = GSDTaskView.swift; sourceTree = "<group>"; };
		61E7D2A229356DAD0055ACC3 /* GSDTaskVM.swift */ = {isa = PBXFileReference; lastKnownFileType = sourcecode.swift; path = GSDTaskVM.swift; sourceTree = "<group>"; };
		61E7D2A429356DE20055ACC3 /* StorageService.swift */ = {isa = PBXFileReference; lastKnownFileType = sourcecode.swift; path = StorageService.swift; sourceTree = "<group>"; };
/* End PBXFileReference section */

/* Begin PBXFrameworksBuildPhase section */
		6145BF982932DD9200C1FA7F /* Frameworks */ = {
			isa = PBXFrameworksBuildPhase;
			buildActionMask = 2147483647;
			files = (
			);
			runOnlyForDeploymentPostprocessing = 0;
		};
		61E7D29029356A730055ACC3 /* Frameworks */ = {
			isa = PBXFrameworksBuildPhase;
			buildActionMask = 2147483647;
			files = (
			);
			runOnlyForDeploymentPostprocessing = 0;
		};
/* End PBXFrameworksBuildPhase section */

/* Begin PBXGroup section */
		6145BF922932DD9200C1FA7F = {
			isa = PBXGroup;
			children = (
				6145BF9D2932DD9200C1FA7F /* GSD */,
				61E7D29429356A730055ACC3 /* GSDTests */,
				6145BF9C2932DD9200C1FA7F /* Products */,
			);
			sourceTree = "<group>";
		};
		6145BF9C2932DD9200C1FA7F /* Products */ = {
			isa = PBXGroup;
			children = (
				6145BF9B2932DD9200C1FA7F /* GSD.app */,
				61E7D29329356A730055ACC3 /* GSDTests.xctest */,
			);
			name = Products;
			sourceTree = "<group>";
		};
		6145BF9D2932DD9200C1FA7F /* GSD */ = {
			isa = PBXGroup;
			children = (
				6145BF9E2932DD9200C1FA7F /* GSDApp.swift */,
				6145BFA02932DD9200C1FA7F /* ContentView.swift */,
				61E7D29F29356D4E0055ACC3 /* GSDTaskView.swift */,
				61E7D2A229356DAD0055ACC3 /* GSDTaskVM.swift */,
				61E7D2A429356DE20055ACC3 /* StorageService.swift */,
				61E7D29C29356C3C0055ACC3 /* GSDTask.swift */,
				6145BFA22932DD9400C1FA7F /* Assets.xcassets */,
				6145BFA42932DD9400C1FA7F /* Preview Content */,
			);
			path = GSD;
			sourceTree = "<group>";
		};
		6145BFA42932DD9400C1FA7F /* Preview Content */ = {
			isa = PBXGroup;
			children = (
				6145BFA52932DD9400C1FA7F /* Preview Assets.xcassets */,
			);
			path = "Preview Content";
			sourceTree = "<group>";
		};
		61E7D29429356A730055ACC3 /* GSDTests */ = {
			isa = PBXGroup;
			children = (
				61E7D29529356A730055ACC3 /* GSDTests.swift */,
			);
			path = GSDTests;
			sourceTree = "<group>";
		};
/* End PBXGroup section */

/* Begin PBXNativeTarget section */
		6145BF9A2932DD9200C1FA7F /* GSD */ = {
			isa = PBXNativeTarget;
			buildConfigurationList = 6145BFA92932DD9400C1FA7F /* Build configuration list for PBXNativeTarget "GSD" */;
			buildPhases = (
				6145BF972932DD9200C1FA7F /* Sources */,
				6145BF982932DD9200C1FA7F /* Frameworks */,
				6145BF992932DD9200C1FA7F /* Resources */,
			);
			buildRules = (
			);
			dependencies = (
			);
			name = GSD;
			productName = GSD;
			productReference = 6145BF9B2932DD9200C1FA7F /* GSD.app */;
			productType = "com.apple.product-type.application";
		};
		61E7D29229356A730055ACC3 /* GSDTests */ = {
			isa = PBXNativeTarget;
			buildConfigurationList = 61E7D29B29356A730055ACC3 /* Build configuration list for PBXNativeTarget "GSDTests" */;
			buildPhases = (
				61E7D28F29356A730055ACC3 /* Sources */,
				61E7D29029356A730055ACC3 /* Frameworks */,
				61E7D29129356A730055ACC3 /* Resources */,
			);
			buildRules = (
			);
			dependencies = (
				61E7D29829356A730055ACC3 /* PBXTargetDependency */,
			);
			name = GSDTests;
			productName = GSDTests;
			productReference = 61E7D29329356A730055ACC3 /* GSDTests.xctest */;
			productType = "com.apple.product-type.bundle.unit-test";
		};
/* End PBXNativeTarget section */

/* Begin PBXProject section */
		6145BF932932DD9200C1FA7F /* Project object */ = {
			isa = PBXProject;
			attributes = {
				BuildIndependentTargetsInParallel = 1;
				LastSwiftUpdateCheck = 1400;
				LastUpgradeCheck = 1400;
				TargetAttributes = {
					6145BF9A2932DD9200C1FA7F = {
						CreatedOnToolsVersion = 14.0.1;
					};
					61E7D29229356A730055ACC3 = {
						CreatedOnToolsVersion = 14.0.1;
						TestTargetID = 6145BF9A2932DD9200C1FA7F;
					};
				};
			};
			buildConfigurationList = 6145BF962932DD9200C1FA7F /* Build configuration list for PBXProject "GSD" */;
			compatibilityVersion = "Xcode 14.0";
			developmentRegion = en;
			hasScannedForEncodings = 0;
			knownRegions = (
				en,
				Base,
			);
			mainGroup = 6145BF922932DD9200C1FA7F;
			productRefGroup = 6145BF9C2932DD9200C1FA7F /* Products */;
			projectDirPath = "";
			projectRoot = "";
			targets = (
				6145BF9A2932DD9200C1FA7F /* GSD */,
				61E7D29229356A730055ACC3 /* GSDTests */,
			);
		};
/* End PBXProject section */

/* Begin PBXResourcesBuildPhase section */
		6145BF992932DD9200C1FA7F /* Resources */ = {
			isa = PBXResourcesBuildPhase;
			buildActionMask = 2147483647;
			files = (
				6145BFA62932DD9400C1FA7F /* Preview Assets.xcassets in Resources */,
				6145BFA32932DD9400C1FA7F /* Assets.xcassets in Resources */,
			);
			runOnlyForDeploymentPostprocessing = 0;
		};
		61E7D29129356A730055ACC3 /* Resources */ = {
			isa = PBXResourcesBuildPhase;
			buildActionMask = 2147483647;
			files = (
			);
			runOnlyForDeploymentPostprocessing = 0;
		};
/* End PBXResourcesBuildPhase section */

/* Begin PBXSourcesBuildPhase section */
		6145BF972932DD9200C1FA7F /* Sources */ = {
			isa = PBXSourcesBuildPhase;
			buildActionMask = 2147483647;
			files = (
				61E7D2A129356D560055ACC3 /* GSDTaskView.swift in Sources */,
				61E7D2A529356DE20055ACC3 /* StorageService.swift in Sources */,
				61E7D29E29356C400055ACC3 /* GSDTask.swift in Sources */,
				6145BFA12932DD9200C1FA7F /* ContentView.swift in Sources */,
				61E7D2A329356DAD0055ACC3 /* GSDTaskVM.swift in Sources */,
				6145BF9F2932DD9200C1FA7F /* GSDApp.swift in Sources */,
			);
			runOnlyForDeploymentPostprocessing = 0;
		};
		61E7D28F29356A730055ACC3 /* Sources */ = {
			isa = PBXSourcesBuildPhase;
			buildActionMask = 2147483647;
			files = (
				61E7D29629356A730055ACC3 /* GSDTests.swift in Sources */,
			);
			runOnlyForDeploymentPostprocessing = 0;
		};
/* End PBXSourcesBuildPhase section */

/* Begin PBXTargetDependency section */
		61E7D29829356A730055ACC3 /* PBXTargetDependency */ = {
			isa = PBXTargetDependency;
			target = 6145BF9A2932DD9200C1FA7F /* GSD */;
			targetProxy = 61E7D29729356A730055ACC3 /* PBXContainerItemProxy */;
		};
/* End PBXTargetDependency section */

/* Begin XCBuildConfiguration section */
		6145BFA72932DD9400C1FA7F /* Debug */ = {
			isa = XCBuildConfiguration;
			buildSettings = {
				ALWAYS_SEARCH_USER_PATHS = NO;
				CLANG_ANALYZER_NONNULL = YES;
				CLANG_ANALYZER_NUMBER_OBJECT_CONVERSION = YES_AGGRESSIVE;
				CLANG_CXX_LANGUAGE_STANDARD = "gnu++20";
				CLANG_ENABLE_MODULES = YES;
				CLANG_ENABLE_OBJC_ARC = YES;
				CLANG_ENABLE_OBJC_WEAK = YES;
				CLANG_WARN_BLOCK_CAPTURE_AUTORELEASING = YES;
				CLANG_WARN_BOOL_CONVERSION = YES;
				CLANG_WARN_COMMA = YES;
				CLANG_WARN_CONSTANT_CONVERSION = YES;
				CLANG_WARN_DEPRECATED_OBJC_IMPLEMENTATIONS = YES;
				CLANG_WARN_DIRECT_OBJC_ISA_USAGE = YES_ERROR;
				CLANG_WARN_DOCUMENTATION_COMMENTS = YES;
				CLANG_WARN_EMPTY_BODY = YES;
				CLANG_WARN_ENUM_CONVERSION = YES;
				CLANG_WARN_INFINITE_RECURSION = YES;
				CLANG_WARN_INT_CONVERSION = YES;
				CLANG_WARN_NON_LITERAL_NULL_CONVERSION = YES;
				CLANG_WARN_OBJC_IMPLICIT_RETAIN_SELF = YES;
				CLANG_WARN_OBJC_LITERAL_CONVERSION = YES;
				CLANG_WARN_OBJC_ROOT_CLASS = YES_ERROR;
				CLANG_WARN_QUOTED_INCLUDE_IN_FRAMEWORK_HEADER = YES;
				CLANG_WARN_RANGE_LOOP_ANALYSIS = YES;
				CLANG_WARN_STRICT_PROTOTYPES = YES;
				CLANG_WARN_SUSPICIOUS_MOVE = YES;
				CLANG_WARN_UNGUARDED_AVAILABILITY = YES_AGGRESSIVE;
				CLANG_WARN_UNREACHABLE_CODE = YES;
				CLANG_WARN__DUPLICATE_METHOD_MATCH = YES;
				COPY_PHASE_STRIP = NO;
				DEBUG_INFORMATION_FORMAT = dwarf;
				ENABLE_STRICT_OBJC_MSGSEND = YES;
				ENABLE_TESTABILITY = YES;
				GCC_C_LANGUAGE_STANDARD = gnu11;
				GCC_DYNAMIC_NO_PIC = NO;
				GCC_NO_COMMON_BLOCKS = YES;
				GCC_OPTIMIZATION_LEVEL = 0;
				GCC_PREPROCESSOR_DEFINITIONS = (
					"DEBUG=1",
					"$(inherited)",
				);
				GCC_WARN_64_TO_32_BIT_CONVERSION = YES;
				GCC_WARN_ABOUT_RETURN_TYPE = YES_ERROR;
				GCC_WARN_UNDECLARED_SELECTOR = YES;
				GCC_WARN_UNINITIALIZED_AUTOS = YES_AGGRESSIVE;
				GCC_WARN_UNUSED_FUNCTION = YES;
				GCC_WARN_UNUSED_VARIABLE = YES;
				IPHONEOS_DEPLOYMENT_TARGET = 16.0;
				MTL_ENABLE_DEBUG_INFO = INCLUDE_SOURCE;
				MTL_FAST_MATH = YES;
				ONLY_ACTIVE_ARCH = YES;
				SDKROOT = iphoneos;
				SWIFT_ACTIVE_COMPILATION_CONDITIONS = DEBUG;
				SWIFT_OPTIMIZATION_LEVEL = "-Onone";
			};
			name = Debug;
		};
		6145BFA82932DD9400C1FA7F /* Release */ = {
			isa = XCBuildConfiguration;
			buildSettings = {
				ALWAYS_SEARCH_USER_PATHS = NO;
				CLANG_ANALYZER_NONNULL = YES;
				CLANG_ANALYZER_NUMBER_OBJECT_CONVERSION = YES_AGGRESSIVE;
				CLANG_CXX_LANGUAGE_STANDARD = "gnu++20";
				CLANG_ENABLE_MODULES = YES;
				CLANG_ENABLE_OBJC_ARC = YES;
				CLANG_ENABLE_OBJC_WEAK = YES;
				CLANG_WARN_BLOCK_CAPTURE_AUTORELEASING = YES;
				CLANG_WARN_BOOL_CONVERSION = YES;
				CLANG_WARN_COMMA = YES;
				CLANG_WARN_CONSTANT_CONVERSION = YES;
				CLANG_WARN_DEPRECATED_OBJC_IMPLEMENTATIONS = YES;
				CLANG_WARN_DIRECT_OBJC_ISA_USAGE = YES_ERROR;
				CLANG_WARN_DOCUMENTATION_COMMENTS = YES;
				CLANG_WARN_EMPTY_BODY = YES;
				CLANG_WARN_ENUM_CONVERSION = YES;
				CLANG_WARN_INFINITE_RECURSION = YES;
				CLANG_WARN_INT_CONVERSION = YES;
				CLANG_WARN_NON_LITERAL_NULL_CONVERSION = YES;
				CLANG_WARN_OBJC_IMPLICIT_RETAIN_SELF = YES;
				CLANG_WARN_OBJC_LITERAL_CONVERSION = YES;
				CLANG_WARN_OBJC_ROOT_CLASS = YES_ERROR;
				CLANG_WARN_QUOTED_INCLUDE_IN_FRAMEWORK_HEADER = YES;
				CLANG_WARN_RANGE_LOOP_ANALYSIS = YES;
				CLANG_WARN_STRICT_PROTOTYPES = YES;
				CLANG_WARN_SUSPICIOUS_MOVE = YES;
				CLANG_WARN_UNGUARDED_AVAILABILITY = YES_AGGRESSIVE;
				CLANG_WARN_UNREACHABLE_CODE = YES;
				CLANG_WARN__DUPLICATE_METHOD_MATCH = YES;
				COPY_PHASE_STRIP = NO;
				DEBUG_INFORMATION_FORMAT = "dwarf-with-dsym";
				ENABLE_NS_ASSERTIONS = NO;
				ENABLE_STRICT_OBJC_MSGSEND = YES;
				GCC_C_LANGUAGE_STANDARD = gnu11;
				GCC_NO_COMMON_BLOCKS = YES;
				GCC_WARN_64_TO_32_BIT_CONVERSION = YES;
				GCC_WARN_ABOUT_RETURN_TYPE = YES_ERROR;
				GCC_WARN_UNDECLARED_SELECTOR = YES;
				GCC_WARN_UNINITIALIZED_AUTOS = YES_AGGRESSIVE;
				GCC_WARN_UNUSED_FUNCTION = YES;
				GCC_WARN_UNUSED_VARIABLE = YES;
				IPHONEOS_DEPLOYMENT_TARGET = 16.0;
				MTL_ENABLE_DEBUG_INFO = NO;
				MTL_FAST_MATH = YES;
				SDKROOT = iphoneos;
				SWIFT_COMPILATION_MODE = wholemodule;
				SWIFT_OPTIMIZATION_LEVEL = "-O";
				VALIDATE_PRODUCT = YES;
			};
			name = Release;
		};
		6145BFAA2932DD9400C1FA7F /* Debug */ = {
			isa = XCBuildConfiguration;
			buildSettings = {
				ASSETCATALOG_COMPILER_APPICON_NAME = AppIcon;
				ASSETCATALOG_COMPILER_GLOBAL_ACCENT_COLOR_NAME = AccentColor;
				CODE_SIGN_STYLE = Automatic;
				CURRENT_PROJECT_VERSION = 1;
				DEVELOPMENT_ASSET_PATHS = "\"GSD/Preview Content\"";
				ENABLE_PREVIEWS = YES;
				GENERATE_INFOPLIST_FILE = YES;
				INFOPLIST_KEY_UIApplicationSceneManifest_Generation = YES;
				INFOPLIST_KEY_UIApplicationSupportsIndirectInputEvents = YES;
				INFOPLIST_KEY_UILaunchScreen_Generation = YES;
				INFOPLIST_KEY_UISupportedInterfaceOrientations_iPad = "UIInterfaceOrientationPortrait UIInterfaceOrientationPortraitUpsideDown UIInterfaceOrientationLandscapeLeft UIInterfaceOrientationLandscapeRight";
				INFOPLIST_KEY_UISupportedInterfaceOrientations_iPhone = "UIInterfaceOrientationPortrait UIInterfaceOrientationLandscapeLeft UIInterfaceOrientationLandscapeRight";
				LD_RUNPATH_SEARCH_PATHS = (
					"$(inherited)",
					"@executable_path/Frameworks",
				);
				MARKETING_VERSION = 1.0;
				PRODUCT_BUNDLE_IDENTIFIER = swiftog444.com.GSD;
				PRODUCT_NAME = "$(TARGET_NAME)";
				SWIFT_EMIT_LOC_STRINGS = YES;
				SWIFT_VERSION = 5.0;
				TARGETED_DEVICE_FAMILY = "1,2";
			};
			name = Debug;
		};
		6145BFAB2932DD9400C1FA7F /* Release */ = {
			isa = XCBuildConfiguration;
			buildSettings = {
				ASSETCATALOG_COMPILER_APPICON_NAME = AppIcon;
				ASSETCATALOG_COMPILER_GLOBAL_ACCENT_COLOR_NAME = AccentColor;
				CODE_SIGN_STYLE = Automatic;
				CURRENT_PROJECT_VERSION = 1;
				DEVELOPMENT_ASSET_PATHS = "\"GSD/Preview Content\"";
				ENABLE_PREVIEWS = YES;
				GENERATE_INFOPLIST_FILE = YES;
				INFOPLIST_KEY_UIApplicationSceneManifest_Generation = YES;
				INFOPLIST_KEY_UIApplicationSupportsIndirectInputEvents = YES;
				INFOPLIST_KEY_UILaunchScreen_Generation = YES;
				INFOPLIST_KEY_UISupportedInterfaceOrientations_iPad = "UIInterfaceOrientationPortrait UIInterfaceOrientationPortraitUpsideDown UIInterfaceOrientationLandscapeLeft UIInterfaceOrientationLandscapeRight";
				INFOPLIST_KEY_UISupportedInterfaceOrientations_iPhone = "UIInterfaceOrientationPortrait UIInterfaceOrientationLandscapeLeft UIInterfaceOrientationLandscapeRight";
				LD_RUNPATH_SEARCH_PATHS = (
					"$(inherited)",
					"@executable_path/Frameworks",
				);
				MARKETING_VERSION = 1.0;
				PRODUCT_BUNDLE_IDENTIFIER = swiftog444.com.GSD;
				PRODUCT_NAME = "$(TARGET_NAME)";
				SWIFT_EMIT_LOC_STRINGS = YES;
				SWIFT_VERSION = 5.0;
				TARGETED_DEVICE_FAMILY = "1,2";
			};
			name = Release;
		};
		61E7D29929356A730055ACC3 /* Debug */ = {
			isa = XCBuildConfiguration;
			buildSettings = {
				BUNDLE_LOADER = "$(TEST_HOST)";
				CODE_SIGN_STYLE = Automatic;
				CURRENT_PROJECT_VERSION = 1;
				GENERATE_INFOPLIST_FILE = YES;
				MARKETING_VERSION = 1.0;
				PRODUCT_BUNDLE_IDENTIFIER = swiftog444.com.GSDTests;
				PRODUCT_NAME = "$(TARGET_NAME)";
				SWIFT_EMIT_LOC_STRINGS = NO;
				SWIFT_VERSION = 5.0;
				TARGETED_DEVICE_FAMILY = "1,2";
				TEST_HOST = "$(BUILT_PRODUCTS_DIR)/GSD.app/$(BUNDLE_EXECUTABLE_FOLDER_PATH)/GSD";
			};
			name = Debug;
		};
		61E7D29A29356A730055ACC3 /* Release */ = {
			isa = XCBuildConfiguration;
			buildSettings = {
				BUNDLE_LOADER = "$(TEST_HOST)";
				CODE_SIGN_STYLE = Automatic;
				CURRENT_PROJECT_VERSION = 1;
				GENERATE_INFOPLIST_FILE = YES;
				MARKETING_VERSION = 1.0;
				PRODUCT_BUNDLE_IDENTIFIER = swiftog444.com.GSDTests;
				PRODUCT_NAME = "$(TARGET_NAME)";
				SWIFT_EMIT_LOC_STRINGS = NO;
				SWIFT_VERSION = 5.0;
				TARGETED_DEVICE_FAMILY = "1,2";
				TEST_HOST = "$(BUILT_PRODUCTS_DIR)/GSD.app/$(BUNDLE_EXECUTABLE_FOLDER_PATH)/GSD";
			};
			name = Release;
		};
/* End XCBuildConfiguration section */

/* Begin XCConfigurationList section */
		6145BF962932DD9200C1FA7F /* Build configuration list for PBXProject "GSD" */ = {
			isa = XCConfigurationList;
			buildConfigurations = (
				6145BFA72932DD9400C1FA7F /* Debug */,
				6145BFA82932DD9400C1FA7F /* Release */,
			);
			defaultConfigurationIsVisible = 0;
			defaultConfigurationName = Release;
		};
		6145BFA92932DD9400C1FA7F /* Build configuration list for PBXNativeTarget "GSD" */ = {
			isa = XCConfigurationList;
			buildConfigurations = (
				6145BFAA2932DD9400C1FA7F /* Debug */,
				6145BFAB2932DD9400C1FA7F /* Release */,
			);
			defaultConfigurationIsVisible = 0;
			defaultConfigurationName = Release;
		};
		61E7D29B29356A730055ACC3 /* Build configuration list for PBXNativeTarget "GSDTests" */ = {
			isa = XCConfigurationList;
			buildConfigurations = (
				61E7D29929356A730055ACC3 /* Debug */,
				61E7D29A29356A730055ACC3 /* Release */,
			);
			defaultConfigurationIsVisible = 0;
			defaultConfigurationName = Release;
		};
/* End XCConfigurationList section */
	};
	rootObject = 6145BF932932DD9200C1FA7F /* Project object */;
}
